
Microsoft Visual Studio Solution File, Format Version 12.00
# Visual Studio 2012
Project("{FAE04EC0-301F-11D3-BF4B-00C04F79EFBC}") = "LoanPricerWebBased", "LoanPricerWebBased1.1\LoanPricerWebBased.csproj", "{4C87F94A-12D1-4FC3-AA28-E708769D30CC}"
EndProject
Project("{FAE04EC0-301F-11D3-BF4B-00C04F79EFBC}") = "DAL", "DAL\DAL.csproj", "{B76102B4-54D9-430E-8A2E-DD0BD7474A34}"
EndProject
Project("{FAE04EC0-301F-11D3-BF4B-00C04F79EFBC}") = "BLL", "BLL\BLL.csproj", "{CF854172-03F2-4C73-9CCD-8C69A2CDA1C0}"
EndProject
Global
	GlobalSection(SolutionConfigurationPlatforms) = preSolution
		Debug|Any CPU = Debug|Any CPU
		Release|Any CPU = Release|Any CPU
	EndGlobalSection
	GlobalSection(ProjectConfigurationPlatforms) = postSolution
		{4C87F94A-12D1-4FC3-AA28-E708769D30CC}.Debug|Any CPU.ActiveCfg = Debug|Any CPU
		{4C87F94A-12D1-4FC3-AA28-E708769D30CC}.Debug|Any CPU.Build.0 = Debug|Any CPU
		{4C87F94A-12D1-4FC3-AA28-E708769D30CC}.Release|Any CPU.ActiveCfg = Release|Any CPU
		{4C87F94A-12D1-4FC3-AA28-E708769D30CC}.Release|Any CPU.Build.0 = Release|Any CPU
		{B76102B4-54D9-430E-8A2E-DD0BD7474A34}.Debug|Any CPU.ActiveCfg = Debug|Any CPU
		{B76102B4-54D9-430E-8A2E-DD0BD7474A34}.Debug|Any CPU.Build.0 = Debug|Any CPU
		{B76102B4-54D9-430E-8A2E-DD0BD7474A34}.Release|Any CPU.ActiveCfg = Release|Any CPU
		{B76102B4-54D9-430E-8A2E-DD0BD7474A34}.Release|Any CPU.Build.0 = Release|Any CPU
		{CF854172-03F2-4C73-9CCD-8C69A2CDA1C0}.Debug|Any CPU.ActiveCfg = Debug|Any CPU
		{CF854172-03F2-4C73-9CCD-8C69A2CDA1C0}.Debug|Any CPU.Build.0 = Debug|Any CPU
		{CF854172-03F2-4C73-9CCD-8C69A2CDA1C0}.Release|Any CPU.ActiveCfg = Release|Any CPU
		{CF854172-03F2-4C73-9CCD-8C69A2CDA1C0}.Release|Any CPU.Build.0 = Release|Any CPU
	EndGlobalSection
	GlobalSection(SolutionProperties) = preSolution
		HideSolutionNode = FALSE
	EndGlobalSection
EndGlobal
